// !$*UTF8*$!
{
	archiveVersion = 1;
	classes = {
	};
	objectVersion = 46;
	objects = {

/* Begin PBXBuildFile section */
		971D44ABD506C6321E28E5F4 /* Pods_Places_Displayer.framework in Frameworks */ = {isa = PBXBuildFile; fileRef = C7A32BC2D5A52942A3ACEBFD /* Pods_Places_Displayer.framework */; };
		CEF4F03B1F4645570005E319 /* AppDelegate.swift in Sources */ = {isa = PBXBuildFile; fileRef = CEF4F03A1F4645570005E319 /* AppDelegate.swift */; };
		CEF4F0421F4645570005E319 /* Assets.xcassets in Resources */ = {isa = PBXBuildFile; fileRef = CEF4F0411F4645570005E319 /* Assets.xcassets */; };
		CEF4F0451F4645570005E319 /* LaunchScreen.storyboard in Resources */ = {isa = PBXBuildFile; fileRef = CEF4F0431F4645570005E319 /* LaunchScreen.storyboard */; };
		CEF4F0561F465BE80005E319 /* Constants.swift in Sources */ = {isa = PBXBuildFile; fileRef = CEF4F04C1F465BE80005E319 /* Constants.swift */; };
		CEF4F0571F465BE80005E319 /* PlacesTableViewController.swift in Sources */ = {isa = PBXBuildFile; fileRef = CEF4F04D1F465BE80005E319 /* PlacesTableViewController.swift */; };
		CEF4F0581F465BE80005E319 /* Place.swift in Sources */ = {isa = PBXBuildFile; fileRef = CEF4F04E1F465BE80005E319 /* Place.swift */; };
		CEF4F0591F465BE80005E319 /* PlaceTableViewCell.swift in Sources */ = {isa = PBXBuildFile; fileRef = CEF4F04F1F465BE80005E319 /* PlaceTableViewCell.swift */; };
		CEF4F05A1F465BE80005E319 /* extensions.swift in Sources */ = {isa = PBXBuildFile; fileRef = CEF4F0501F465BE80005E319 /* extensions.swift */; };
		CEF4F05B1F465BE80005E319 /* FetchManager.swift in Sources */ = {isa = PBXBuildFile; fileRef = CEF4F0511F465BE80005E319 /* FetchManager.swift */; };
		CEF4F05C1F465BE80005E319 /* ImageManager.swift in Sources */ = {isa = PBXBuildFile; fileRef = CEF4F0521F465BE80005E319 /* ImageManager.swift */; };
		CEF4F05D1F465BE80005E319 /* NetworkManager.swift in Sources */ = {isa = PBXBuildFile; fileRef = CEF4F0531F465BE80005E319 /* NetworkManager.swift */; };
		CEF4F05E1F465BE80005E319 /* NullTableViewCell.swift in Sources */ = {isa = PBXBuildFile; fileRef = CEF4F0541F465BE80005E319 /* NullTableViewCell.swift */; };
		CEF4F05F1F465BE80005E319 /* ProgressHud.swift in Sources */ = {isa = PBXBuildFile; fileRef = CEF4F0551F465BE80005E319 /* ProgressHud.swift */; };
		CEF4F0611F465BF30005E319 /* Main.storyboard in Resources */ = {isa = PBXBuildFile; fileRef = CEF4F0601F465BF30005E319 /* Main.storyboard */; };
		CEF56EFC1F48D3890008F8BF /* LocationManager.swift in Sources */ = {isa = PBXBuildFile; fileRef = CEF56EFB1F48D3890008F8BF /* LocationManager.swift */; };
/* End PBXBuildFile section */

/* Begin PBXFileReference section */
		1F210393C7F5D008379B7508 /* Pods-Places Displayer.debug.xcconfig */ = {isa = PBXFileReference; includeInIndex = 1; lastKnownFileType = text.xcconfig; name = "Pods-Places Displayer.debug.xcconfig"; path = "Pods/Target Support Files/Pods-Places Displayer/Pods-Places Displayer.debug.xcconfig"; sourceTree = "<group>"; };
		9C6E921CC2CFE2ECC032029D /* Pods-Places Displayer.release.xcconfig */ = {isa = PBXFileReference; includeInIndex = 1; lastKnownFileType = text.xcconfig; name = "Pods-Places Displayer.release.xcconfig"; path = "Pods/Target Support Files/Pods-Places Displayer/Pods-Places Displayer.release.xcconfig"; sourceTree = "<group>"; };
		C7A32BC2D5A52942A3ACEBFD /* Pods_Places_Displayer.framework */ = {isa = PBXFileReference; explicitFileType = wrapper.framework; includeInIndex = 0; path = Pods_Places_Displayer.framework; sourceTree = BUILT_PRODUCTS_DIR; };
		CEF4F0371F4645570005E319 /* Places Displayer.app */ = {isa = PBXFileReference; explicitFileType = wrapper.application; includeInIndex = 0; path = "Places Displayer.app"; sourceTree = BUILT_PRODUCTS_DIR; };
		CEF4F03A1F4645570005E319 /* AppDelegate.swift */ = {isa = PBXFileReference; lastKnownFileType = sourcecode.swift; path = AppDelegate.swift; sourceTree = "<group>"; };
		CEF4F0411F4645570005E319 /* Assets.xcassets */ = {isa = PBXFileReference; lastKnownFileType = folder.assetcatalog; path = Assets.xcassets; sourceTree = "<group>"; };
		CEF4F0441F4645570005E319 /* Base */ = {isa = PBXFileReference; lastKnownFileType = file.storyboard; name = Base; path = Base.lproj/LaunchScreen.storyboard; sourceTree = "<group>"; };
		CEF4F0461F4645570005E319 /* Info.plist */ = {isa = PBXFileReference; lastKnownFileType = text.plist.xml; path = Info.plist; sourceTree = "<group>"; };
		CEF4F04C1F465BE80005E319 /* Constants.swift */ = {isa = PBXFileReference; fileEncoding = 4; lastKnownFileType = sourcecode.swift; path = Constants.swift; sourceTree = "<group>"; };
		CEF4F04D1F465BE80005E319 /* PlacesTableViewController.swift */ = {isa = PBXFileReference; fileEncoding = 4; lastKnownFileType = sourcecode.swift; path = PlacesTableViewController.swift; sourceTree = "<group>"; };
		CEF4F04E1F465BE80005E319 /* Place.swift */ = {isa = PBXFileReference; fileEncoding = 4; lastKnownFileType = sourcecode.swift; path = Place.swift; sourceTree = "<group>"; };
		CEF4F04F1F465BE80005E319 /* PlaceTableViewCell.swift */ = {isa = PBXFileReference; fileEncoding = 4; lastKnownFileType = sourcecode.swift; path = PlaceTableViewCell.swift; sourceTree = "<group>"; };
		CEF4F0501F465BE80005E319 /* extensions.swift */ = {isa = PBXFileReference; fileEncoding = 4; lastKnownFileType = sourcecode.swift; path = extensions.swift; sourceTree = "<group>"; };
		CEF4F0511F465BE80005E319 /* FetchManager.swift */ = {isa = PBXFileReference; fileEncoding = 4; lastKnownFileType = sourcecode.swift; path = FetchManager.swift; sourceTree = "<group>"; };
		CEF4F0521F465BE80005E319 /* ImageManager.swift */ = {isa = PBXFileReference; fileEncoding = 4; lastKnownFileType = sourcecode.swift; path = ImageManager.swift; sourceTree = "<group>"; };
		CEF4F0531F465BE80005E319 /* NetworkManager.swift */ = {isa = PBXFileReference; fileEncoding = 4; lastKnownFileType = sourcecode.swift; path = NetworkManager.swift; sourceTree = "<group>"; };
		CEF4F0541F465BE80005E319 /* NullTableViewCell.swift */ = {isa = PBXFileReference; fileEncoding = 4; lastKnownFileType = sourcecode.swift; path = NullTableViewCell.swift; sourceTree = "<group>"; };
		CEF4F0551F465BE80005E319 /* ProgressHud.swift */ = {isa = PBXFileReference; fileEncoding = 4; lastKnownFileType = sourcecode.swift; path = ProgressHud.swift; sourceTree = "<group>"; };
		CEF4F0601F465BF30005E319 /* Main.storyboard */ = {isa = PBXFileReference; fileEncoding = 4; lastKnownFileType = file.storyboard; path = Main.storyboard; sourceTree = "<group>"; };
		CEF56EFB1F48D3890008F8BF /* LocationManager.swift */ = {isa = PBXFileReference; fileEncoding = 4; lastKnownFileType = sourcecode.swift; path = LocationManager.swift; sourceTree = "<group>"; };
/* End PBXFileReference section */

/* Begin PBXFrameworksBuildPhase section */
		CEF4F0341F4645570005E319 /* Frameworks */ = {
			isa = PBXFrameworksBuildPhase;
			buildActionMask = 2147483647;
			files = (
				971D44ABD506C6321E28E5F4 /* Pods_Places_Displayer.framework in Frameworks */,
			);
			runOnlyForDeploymentPostprocessing = 0;
		};
/* End PBXFrameworksBuildPhase section */

/* Begin PBXGroup section */
		10867240D7DF2F70EC7F5367 /* Frameworks */ = {
			isa = PBXGroup;
			children = (
				C7A32BC2D5A52942A3ACEBFD /* Pods_Places_Displayer.framework */,
			);
			name = Frameworks;
			sourceTree = "<group>";
		};
		CEF4F02E1F4645570005E319 = {
			isa = PBXGroup;
			children = (
				CEF4F0391F4645570005E319 /* Places Displayer */,
				CEF4F0381F4645570005E319 /* Products */,
				E2B5850772BBCE0DAA67211C /* Pods */,
				10867240D7DF2F70EC7F5367 /* Frameworks */,
			);
			sourceTree = "<group>";
		};
		CEF4F0381F4645570005E319 /* Products */ = {
			isa = PBXGroup;
			children = (
				CEF4F0371F4645570005E319 /* Places Displayer.app */,
			);
			name = Products;
			sourceTree = "<group>";
		};
		CEF4F0391F4645570005E319 /* Places Displayer */ = {
			isa = PBXGroup;
			children = (
				CEF4F0601F465BF30005E319 /* Main.storyboard */,
				CEF4F03A1F4645570005E319 /* AppDelegate.swift */,
				CEF4F0631F465EE90005E319 /* Places Table View */,
				CEF4F0651F465F050005E319 /* Managers */,
				CEF4F0641F465EFC0005E319 /* Models */,
				CEF4F0621F465ED20005E319 /* Helpers */,
				CEF4F0411F4645570005E319 /* Assets.xcassets */,
				CEF4F0431F4645570005E319 /* LaunchScreen.storyboard */,
				CEF4F0461F4645570005E319 /* Info.plist */,
			);
			path = "Places Displayer";
			sourceTree = "<group>";
		};
		CEF4F0621F465ED20005E319 /* Helpers */ = {
			isa = PBXGroup;
			children = (
				CEF4F04C1F465BE80005E319 /* Constants.swift */,
				CEF4F0501F465BE80005E319 /* extensions.swift */,
				CEF4F0551F465BE80005E319 /* ProgressHud.swift */,
			);
			name = Helpers;
			sourceTree = "<group>";
		};
		CEF4F0631F465EE90005E319 /* Places Table View */ = {
			isa = PBXGroup;
			children = (
				CEF4F04D1F465BE80005E319 /* PlacesTableViewController.swift */,
				CEF4F04F1F465BE80005E319 /* PlaceTableViewCell.swift */,
				CEF4F0541F465BE80005E319 /* NullTableViewCell.swift */,
			);
			name = "Places Table View";
			sourceTree = "<group>";
		};
		CEF4F0641F465EFC0005E319 /* Models */ = {
			isa = PBXGroup;
			children = (
				CEF4F04E1F465BE80005E319 /* Place.swift */,
			);
			name = Models;
			sourceTree = "<group>";
		};
		CEF4F0651F465F050005E319 /* Managers */ = {
			isa = PBXGroup;
			children = (
				CEF4F0511F465BE80005E319 /* FetchManager.swift */,
				CEF4F0521F465BE80005E319 /* ImageManager.swift */,
				CEF4F0531F465BE80005E319 /* NetworkManager.swift */,
				CEF56EFB1F48D3890008F8BF /* LocationManager.swift */,
			);
			name = Managers;
			sourceTree = "<group>";
		};
		E2B5850772BBCE0DAA67211C /* Pods */ = {
			isa = PBXGroup;
			children = (
				1F210393C7F5D008379B7508 /* Pods-Places Displayer.debug.xcconfig */,
				9C6E921CC2CFE2ECC032029D /* Pods-Places Displayer.release.xcconfig */,
			);
			name = Pods;
			sourceTree = "<group>";
		};
/* End PBXGroup section */

/* Begin PBXNativeTarget section */
		CEF4F0361F4645570005E319 /* Places Displayer */ = {
			isa = PBXNativeTarget;
			buildConfigurationList = CEF4F0491F4645570005E319 /* Build configuration list for PBXNativeTarget "Places Displayer" */;
			buildPhases = (
				374C70018737A465C2B50F6C /* [CP] Check Pods Manifest.lock */,
				CEF4F0331F4645570005E319 /* Sources */,
				CEF4F0341F4645570005E319 /* Frameworks */,
				CEF4F0351F4645570005E319 /* Resources */,
				A0140DC209738B6F9ECDCD2B /* [CP] Embed Pods Frameworks */,
				63C7C687D5D0B35ACC5B1533 /* [CP] Copy Pods Resources */,
			);
			buildRules = (
			);
			dependencies = (
			);
			name = "Places Displayer";
			productName = "Places Displayer";
			productReference = CEF4F0371F4645570005E319 /* Places Displayer.app */;
			productType = "com.apple.product-type.application";
		};
/* End PBXNativeTarget section */

/* Begin PBXProject section */
		CEF4F02F1F4645570005E319 /* Project object */ = {
			isa = PBXProject;
			attributes = {
				LastSwiftUpdateCheck = 0830;
				LastUpgradeCheck = 0830;
				ORGANIZATIONNAME = Home;
				TargetAttributes = {
					CEF4F0361F4645570005E319 = {
						CreatedOnToolsVersion = 8.3.2;
						DevelopmentTeam = VF725LAA9U;
						ProvisioningStyle = Automatic;
					};
				};
			};
			buildConfigurationList = CEF4F0321F4645570005E319 /* Build configuration list for PBXProject "Places Displayer" */;
			compatibilityVersion = "Xcode 3.2";
			developmentRegion = English;
			hasScannedForEncodings = 0;
			knownRegions = (
				en,
				Base,
			);
			mainGroup = CEF4F02E1F4645570005E319;
			productRefGroup = CEF4F0381F4645570005E319 /* Products */;
			projectDirPath = "";
			projectRoot = "";
			targets = (
				CEF4F0361F4645570005E319 /* Places Displayer */,
			);
		};
/* End PBXProject section */

/* Begin PBXResourcesBuildPhase section */
		CEF4F0351F4645570005E319 /* Resources */ = {
			isa = PBXResourcesBuildPhase;
			buildActionMask = 2147483647;
			files = (
				CEF4F0611F465BF30005E319 /* Main.storyboard in Resources */,
				CEF4F0451F4645570005E319 /* LaunchScreen.storyboard in Resources */,
				CEF4F0421F4645570005E319 /* Assets.xcassets in Resources */,
			);
			runOnlyForDeploymentPostprocessing = 0;
		};
/* End PBXResourcesBuildPhase section */

/* Begin PBXShellScriptBuildPhase section */
		374C70018737A465C2B50F6C /* [CP] Check Pods Manifest.lock */ = {
			isa = PBXShellScriptBuildPhase;
			buildActionMask = 2147483647;
			files = (
			);
			inputPaths = (
			);
			name = "[CP] Check Pods Manifest.lock";
			outputPaths = (
			);
			runOnlyForDeploymentPostprocessing = 0;
			shellPath = /bin/sh;
			shellScript = "diff \"${PODS_ROOT}/../Podfile.lock\" \"${PODS_ROOT}/Manifest.lock\" > /dev/null\nif [ $? != 0 ] ; then\n    # print error to STDERR\n    echo \"error: The sandbox is not in sync with the Podfile.lock. Run 'pod install' or update your CocoaPods installation.\" >&2\n    exit 1\nfi\n";
			showEnvVarsInLog = 0;
		};
		63C7C687D5D0B35ACC5B1533 /* [CP] Copy Pods Resources */ = {
			isa = PBXShellScriptBuildPhase;
			buildActionMask = 2147483647;
			files = (
			);
			inputPaths = (
			);
			name = "[CP] Copy Pods Resources";
			outputPaths = (
			);
			runOnlyForDeploymentPostprocessing = 0;
			shellPath = /bin/sh;
			shellScript = "\"${SRCROOT}/Pods/Target Support Files/Pods-Places Displayer/Pods-Places Displayer-resources.sh\"\n";
			showEnvVarsInLog = 0;
		};
		A0140DC209738B6F9ECDCD2B /* [CP] Embed Pods Frameworks */ = {
			isa = PBXShellScriptBuildPhase;
			buildActionMask = 2147483647;
			files = (
			);
			inputPaths = (
			);
			name = "[CP] Embed Pods Frameworks";
			outputPaths = (
			);
			runOnlyForDeploymentPostprocessing = 0;
			shellPath = /bin/sh;
			shellScript = "\"${SRCROOT}/Pods/Target Support Files/Pods-Places Displayer/Pods-Places Displayer-frameworks.sh\"\n";
			showEnvVarsInLog = 0;
		};
/* End PBXShellScriptBuildPhase section */

/* Begin PBXSourcesBuildPhase section */
		CEF4F0331F4645570005E319 /* Sources */ = {
			isa = PBXSourcesBuildPhase;
			buildActionMask = 2147483647;
			files = (
				CEF4F05D1F465BE80005E319 /* NetworkManager.swift in Sources */,
				CEF4F0581F465BE80005E319 /* Place.swift in Sources */,
				CEF4F05B1F465BE80005E319 /* FetchManager.swift in Sources */,
				CEF4F0591F465BE80005E319 /* PlaceTableViewCell.swift in Sources */,
				CEF4F05C1F465BE80005E319 /* ImageManager.swift in Sources */,
				CEF4F0571F465BE80005E319 /* PlacesTableViewController.swift in Sources */,
				CEF4F05F1F465BE80005E319 /* ProgressHud.swift in Sources */,
				CEF4F05E1F465BE80005E319 /* NullTableViewCell.swift in Sources */,
				CEF56EFC1F48D3890008F8BF /* LocationManager.swift in Sources */,
				CEF4F03B1F4645570005E319 /* AppDelegate.swift in Sources */,
				CEF4F0561F465BE80005E319 /* Constants.swift in Sources */,
				CEF4F05A1F465BE80005E319 /* extensions.swift in Sources */,
			);
			runOnlyForDeploymentPostprocessing = 0;
		};
/* End PBXSourcesBuildPhase section */

/* Begin PBXVariantGroup section */
		CEF4F0431F4645570005E319 /* LaunchScreen.storyboard */ = {
			isa = PBXVariantGroup;
			children = (
				CEF4F0441F4645570005E319 /* Base */,
			);
			name = LaunchScreen.storyboard;
			sourceTree = "<group>";
		};
/* End PBXVariantGroup section */

/* Begin XCBuildConfiguration section */
		CEF4F0471F4645570005E319 /* Debug */ = {
			isa = XCBuildConfiguration;
			buildSettings = {
				ALWAYS_SEARCH_USER_PATHS = NO;
				CLANG_ANALYZER_NONNULL = YES;
				CLANG_ANALYZER_NUMBER_OBJECT_CONVERSION = YES_AGGRESSIVE;
				CLANG_CXX_LANGUAGE_STANDARD = "gnu++0x";
				CLANG_CXX_LIBRARY = "libc++";
				CLANG_ENABLE_MODULES = YES;
				CLANG_ENABLE_OBJC_ARC = YES;
				CLANG_WARN_BOOL_CONVERSION = YES;
				CLANG_WARN_CONSTANT_CONVERSION = YES;
				CLANG_WARN_DIRECT_OBJC_ISA_USAGE = YES_ERROR;
				CLANG_WARN_DOCUMENTATION_COMMENTS = YES;
				CLANG_WARN_EMPTY_BODY = YES;
				CLANG_WARN_ENUM_CONVERSION = YES;
				CLANG_WARN_INFINITE_RECURSION = YES;
				CLANG_WARN_INT_CONVERSION = YES;
				CLANG_WARN_OBJC_ROOT_CLASS = YES_ERROR;
				CLANG_WARN_SUSPICIOUS_MOVE = YES;
				CLANG_WARN_UNREACHABLE_CODE = YES;
				CLANG_WARN__DUPLICATE_METHOD_MATCH = YES;
				"CODE_SIGN_IDENTITY[sdk=iphoneos*]" = "iPhone Developer";
				COPY_PHASE_STRIP = NO;
				DEBUG_INFORMATION_FORMAT = dwarf;
				ENABLE_STRICT_OBJC_MSGSEND = YES;
				ENABLE_TESTABILITY = YES;
				GCC_C_LANGUAGE_STANDARD = gnu99;
				GCC_DYNAMIC_NO_PIC = NO;
				GCC_NO_COMMON_BLOCKS = YES;
				GCC_OPTIMIZATION_LEVEL = 0;
				GCC_PREPROCESSOR_DEFINITIONS = (
					"DEBUG=1",
					"$(inherited)",
				);
				GCC_WARN_64_TO_32_BIT_CONVERSION = YES;
				GCC_WARN_ABOUT_RETURN_TYPE = YES_ERROR;
				GCC_WARN_UNDECLARED_SELECTOR = YES;
				GCC_WARN_UNINITIALIZED_AUTOS = YES_AGGRESSIVE;
				GCC_WARN_UNUSED_FUNCTION = YES;
				GCC_WARN_UNUSED_VARIABLE = YES;
				IPHONEOS_DEPLOYMENT_TARGET = 10.3;
				MTL_ENABLE_DEBUG_INFO = YES;
				ONLY_ACTIVE_ARCH = YES;
				SDKROOT = iphoneos;
				SWIFT_ACTIVE_COMPILATION_CONDITIONS = DEBUG;
				SWIFT_OPTIMIZATION_LEVEL = "-Onone";
			};
			name = Debug;
		};
		CEF4F0481F4645570005E319 /* Release */ = {
			isa = XCBuildConfiguration;
			buildSettings = {
				ALWAYS_SEARCH_USER_PATHS = NO;
				CLANG_ANALYZER_NONNULL = YES;
				CLANG_ANALYZER_NUMBER_OBJECT_CONVERSION = YES_AGGRESSIVE;
				CLANG_CXX_LANGUAGE_STANDARD = "gnu++0x";
				CLANG_CXX_LIBRARY = "libc++";
				CLANG_ENABLE_MODULES = YES;
				CLANG_ENABLE_OBJC_ARC = YES;
				CLANG_WARN_BOOL_CONVERSION = YES;
				CLANG_WARN_CONSTANT_CONVERSION = YES;
				CLANG_WARN_DIRECT_OBJC_ISA_USAGE = YES_ERROR;
				CLANG_WARN_DOCUMENTATION_COMMENTS = YES;
				CLANG_WARN_EMPTY_BODY = YES;
				CLANG_WARN_ENUM_CONVERSION = YES;
				CLANG_WARN_INFINITE_RECURSION = YES;
				CLANG_WARN_INT_CONVERSION = YES;
				CLANG_WARN_OBJC_ROOT_CLASS = YES_ERROR;
				CLANG_WARN_SUSPICIOUS_MOVE = YES;
				CLANG_WARN_UNREACHABLE_CODE = YES;
				CLANG_WARN__DUPLICATE_METHOD_MATCH = YES;
				"CODE_SIGN_IDENTITY[sdk=iphoneos*]" = "iPhone Developer";
				COPY_PHASE_STRIP = NO;
				DEBUG_INFORMATION_FORMAT = "dwarf-with-dsym";
				ENABLE_NS_ASSERTIONS = NO;
				ENABLE_STRICT_OBJC_MSGSEND = YES;
				GCC_C_LANGUAGE_STANDARD = gnu99;
				GCC_NO_COMMON_BLOCKS = YES;
				GCC_WARN_64_TO_32_BIT_CONVERSION = YES;
				GCC_WARN_ABOUT_RETURN_TYPE = YES_ERROR;
				GCC_WARN_UNDECLARED_SELECTOR = YES;
				GCC_WARN_UNINITIALIZED_AUTOS = YES_AGGRESSIVE;
				GCC_WARN_UNUSED_FUNCTION = YES;
				GCC_WARN_UNUSED_VARIABLE = YES;
				IPHONEOS_DEPLOYMENT_TARGET = 10.3;
				MTL_ENABLE_DEBUG_INFO = NO;
				SDKROOT = iphoneos;
				SWIFT_OPTIMIZATION_LEVEL = "-Owholemodule";
				VALIDATE_PRODUCT = YES;
			};
			name = Release;
		};
		CEF4F04A1F4645570005E319 /* Debug */ = {
			isa = XCBuildConfiguration;
			baseConfigurationReference = 1F210393C7F5D008379B7508 /* Pods-Places Displayer.debug.xcconfig */;
			buildSettings = {
				ASSETCATALOG_COMPILER_APPICON_NAME = AppIcon;
				DEVELOPMENT_TEAM = VF725LAA9U;
				INFOPLIST_FILE = "Places Displayer/Info.plist";
				LD_RUNPATH_SEARCH_PATHS = "$(inherited) @executable_path/Frameworks";
				PRODUCT_BUNDLE_IDENTIFIER = "EhabSaifan.Places-Displayer";
				PRODUCT_NAME = "$(TARGET_NAME)";
				SWIFT_VERSION = 3.0;
			};
			name = Debug;
		};
		CEF4F04B1F4645570005E319 /* Release */ = {
			isa = XCBuildConfiguration;
			baseConfigurationReference = 9C6E921CC2CFE2ECC032029D /* Pods-Places Displayer.release.xcconfig */;
			buildSettings = {
				ASSETCATALOG_COMPILER_APPICON_NAME = AppIcon;
				DEVELOPMENT_TEAM = VF725LAA9U;
				INFOPLIST_FILE = "Places Displayer/Info.plist";
				LD_RUNPATH_SEARCH_PATHS = "$(inherited) @executable_path/Frameworks";
				PRODUCT_BUNDLE_IDENTIFIER = "EhabSaifan.Places-Displayer";
				PRODUCT_NAME = "$(TARGET_NAME)";
				SWIFT_VERSION = 3.0;
			};
			name = Release;
		};
/* End XCBuildConfiguration section */

/* Begin XCConfigurationList section */
		CEF4F0321F4645570005E319 /* Build configuration list for PBXProject "Places Displayer" */ = {
			isa = XCConfigurationList;
			buildConfigurations = (
				CEF4F0471F4645570005E319 /* Debug */,
				CEF4F0481F4645570005E319 /* Release */,
			);
			defaultConfigurationIsVisible = 0;
			defaultConfigurationName = Release;
		};
		CEF4F0491F4645570005E319 /* Build configuration list for PBXNativeTarget "Places Displayer" */ = {
			isa = XCConfigurationList;
			buildConfigurations = (
				CEF4F04A1F4645570005E319 /* Debug */,
				CEF4F04B1F4645570005E319 /* Release */,
			);
			defaultConfigurationIsVisible = 0;
			defaultConfigurationName = Release;
		};
/* End XCConfigurationList section */
	};
	rootObject = CEF4F02F1F4645570005E319 /* Project object */;
}
